Microsoft Visual Studio Solution File, Format Version 12.00
# Visual Studio Version 17
VisualStudioVersion = 17.1.32210.238
MinimumVisualStudioVersion = 10.0.40219.1
Project("{9A19103F-16F7-4668-BE54-9A1E7A4F7556}") = "VSModLauncher", "VSModLauncher.csproj", "{203DFBF1-3599-43FD-8487-E1C79C2B788F}"
	ProjectSection(ProjectDependencies) = postProject
		{00347A21-4DE3-46DB-B8D1-753EB2529171} = {00347A21-4DE3-46DB-B8D1-753EB2529171}
		{18CBD535-17E7-46AB-9FF1-68508D7223D5} = {18CBD535-17E7-46AB-9FF1-68508D7223D5}
		{1D698CC2-A300-44A7-A0C7-8DCD36D135ED} = {1D698CC2-A300-44A7-A0C7-8DCD36D135ED}
		{4F48560B-84CA-415A-B04D-6DC4CC105A6B} = {4F48560B-84CA-415A-B04D-6DC4CC105A6B}
		{68DE08ED-4609-49F1-8239-AF8EBF7F83D5} = {68DE08ED-4609-49F1-8239-AF8EBF7F83D5}
		{9D0A2E34-DC1B-47A5-BC48-F254294F4A9D} = {9D0A2E34-DC1B-47A5-BC48-F254294F4A9D}
		{F4A19D9E-F292-4499-B59B-2489491DF4A5} = {F4A19D9E-F292-4499-B59B-2489491DF4A5}
		{FBDDD71F-AE07-4E29-BE3A-6EC7D9F60DAB} = {FBDDD71F-AE07-4E29-BE3A-6EC7D9F60DAB}
	EndProjectSection
EndProject
Project("{9A19103F-16F7-4668-BE54-9A1E7A4F7556}") = "expandedaitasksloader", "mods-dll\expandedaitasksloader\expandedaitasksloader.csproj", "{FBDDD71F-AE07-4E29-BE3A-6EC7D9F60DAB}"
	ProjectSection(ProjectDependencies) = postProject
		{68DE08ED-4609-49F1-8239-AF8EBF7F83D5} = {68DE08ED-4609-49F1-8239-AF8EBF7F83D5}
	EndProjectSection
EndProject
Project("{9A19103F-16F7-4668-BE54-9A1E7A4F7556}") = "expandedaitasks", "mods-dll\expandedaitasks\expandedaitasks.csproj", "{68DE08ED-4609-49F1-8239-AF8EBF7F83D5}"
EndProject
Project("{9A19103F-16F7-4668-BE54-9A1E7A4F7556}") = "testmod", "mods\testmod\testmod.csproj", "{00347A21-4DE3-46DB-B8D1-753EB2529171}"
EndProject
Project("{9A19103F-16F7-4668-BE54-9A1E7A4F7556}") = "outlawmod", "mods\outlawmod\outlawmod.csproj", "{F4A19D9E-F292-4499-B59B-2489491DF4A5}"
	ProjectSection(ProjectDependencies) = postProject
		{68DE08ED-4609-49F1-8239-AF8EBF7F83D5} = {68DE08ED-4609-49F1-8239-AF8EBF7F83D5}
	EndProjectSection
EndProject
Project("{9A19103F-16F7-4668-BE54-9A1E7A4F7556}") = "VintagestoryAPI", "..\..\anegostudios\vsapi\VintagestoryAPI.csproj", "{3BD512CB-BF6D-4FE7-89EA-449A9837E0C4}"
EndProject
Project("{9A19103F-16F7-4668-BE54-9A1E7A4F7556}") = "VSEssentialsMod", "..\..\anegostudios\vsessentialsmod\VSEssentialsMod.csproj", "{73CE2D54-B2FC-4FF5-B5DA-64ABDFFFDA21}"
EndProject
Project("{9A19103F-16F7-4668-BE54-9A1E7A4F7556}") = "JsonPatch", "..\..\anegostudios\Tavis.JsonPatch\JsonPatch\JsonPatch.csproj", "{6BBF67B3-3047-4C60-827A-EA3E883A58C3}"
EndProject
Project("{9A19103F-16F7-4668-BE54-9A1E7A4F7556}") = "VSCreativeMod", "..\..\anegostudios\vscreativemod\VSCreativeMod.csproj", "{A5057906-DD98-44CF-A249-9A2AFDD72158}"
EndProject
Project("{9A19103F-16F7-4668-BE54-9A1E7A4F7556}") = "VSSurvivalMod", "..\..\anegostudios\vssurvivalmod\VSSurvivalMod.csproj", "{2A85B0F9-D714-41E0-BF00-29A0A687F427}"
EndProject
Project("{9A19103F-16F7-4668-BE54-9A1E7A4F7556}") = "trailmod", "mods-dll\trailmod\trailmod.csproj", "{4F48560B-84CA-415A-B04D-6DC4CC105A6B}"
EndProject
Project("{9A19103F-16F7-4668-BE54-9A1E7A4F7556}") = "brutalstory", "mods-dll\brutalstory\brutalstory.csproj", "{1D698CC2-A300-44A7-A0C7-8DCD36D135ED}"
EndProject
Project("{9A19103F-16F7-4668-BE54-9A1E7A4F7556}") = "idlekick", "mods-dll\idlekick\idlekick.csproj", "{9D0A2E34-DC1B-47A5-BC48-F254294F4A9D}"
EndProject
Project("{9A19103F-16F7-4668-BE54-9A1E7A4F7556}") = "evilbelow", "mods\evilbelow\evilbelow.csproj", "{18CBD535-17E7-46AB-9FF1-68508D7223D5}"
EndProject
Global
	GlobalSection(SolutionConfigurationPlatforms) = preSolution
		Debug|Any CPU = Debug|Any CPU
		Debug|x64 = Debug|x64
		Debug|x86 = Debug|x86
		PerfTest|Any CPU = PerfTest|Any CPU
		PerfTest|x64 = PerfTest|x64
		PerfTest|x86 = PerfTest|x86
		Release x64|Any CPU = Release x64|Any CPU
		Release x64|x64 = Release x64|x64
		Release x64|x86 = Release x64|x86
		Release|Any CPU = Release|Any CPU
		Release|x64 = Release|x64
		Release|x86 = Release|x86
	EndGlobalSection
	GlobalSection(ProjectConfigurationPlatforms) = postSolution
		{203DFBF1-3599-43FD-8487-E1C79C2B788F}.Debug|Any CPU.ActiveCfg = Debug|Any CPU
		{203DFBF1-3599-43FD-8487-E1C79C2B788F}.Debug|Any CPU.Build.0 = Debug|Any CPU
		{203DFBF1-3599-43FD-8487-E1C79C2B788F}.Debug|x64.ActiveCfg = Debug|Any CPU
		{203DFBF1-3599-43FD-8487-E1C79C2B788F}.Debug|x64.Build.0 = Debug|Any CPU
		{203DFBF1-3599-43FD-8487-E1C79C2B788F}.Debug|x86.ActiveCfg = Debug|Any CPU
		{203DFBF1-3599-43FD-8487-E1C79C2B788F}.Debug|x86.Build.0 = Debug|Any CPU
		{203DFBF1-3599-43FD-8487-E1C79C2B788F}.PerfTest|Any CPU.ActiveCfg = Release|Any CPU
		{203DFBF1-3599-43FD-8487-E1C79C2B788F}.PerfTest|Any CPU.Build.0 = Release|Any CPU
		{203DFBF1-3599-43FD-8487-E1C79C2B788F}.PerfTest|x64.ActiveCfg = Release|Any CPU
		{203DFBF1-3599-43FD-8487-E1C79C2B788F}.PerfTest|x64.Build.0 = Release|Any CPU
		{203DFBF1-3599-43FD-8487-E1C79C2B788F}.PerfTest|x86.ActiveCfg = Release|Any CPU
		{203DFBF1-3599-43FD-8487-E1C79C2B788F}.PerfTest|x86.Build.0 = Release|Any CPU
		{203DFBF1-3599-43FD-8487-E1C79C2B788F}.Release x64|Any CPU.ActiveCfg = Release|Any CPU
		{203DFBF1-3599-43FD-8487-E1C79C2B788F}.Release x64|Any CPU.Build.0 = Release|Any CPU
		{203DFBF1-3599-43FD-8487-E1C79C2B788F}.Release x64|x64.ActiveCfg = Release|Any CPU
		{203DFBF1-3599-43FD-8487-E1C79C2B788F}.Release x64|x64.Build.0 = Release|Any CPU
		{203DFBF1-3599-43FD-8487-E1C79C2B788F}.Release x64|x86.ActiveCfg = Release|Any CPU
		{203DFBF1-3599-43FD-8487-E1C79C2B788F}.Release x64|x86.Build.0 = Release|Any CPU
		{203DFBF1-3599-43FD-8487-E1C79C2B788F}.Release|Any CPU.ActiveCfg = Release|Any CPU
		{203DFBF1-3599-43FD-8487-E1C79C2B788F}.Release|Any CPU.Build.0 = Release|Any CPU
		{203DFBF1-3599-43FD-8487-E1C79C2B788F}.Release|x64.ActiveCfg = Release|Any CPU
		{203DFBF1-3599-43FD-8487-E1C79C2B788F}.Release|x64.Build.0 = Release|Any CPU
		{203DFBF1-3599-43FD-8487-E1C79C2B788F}.Release|x86.ActiveCfg = Release|Any CPU
		{203DFBF1-3599-43FD-8487-E1C79C2B788F}.Release|x86.Build.0 = Release|Any CPU
		{FBDDD71F-AE07-4E29-BE3A-6EC7D9F60DAB}.Debug|Any CPU.ActiveCfg = Debug|Any CPU
		{FBDDD71F-AE07-4E29-BE3A-6EC7D9F60DAB}.Debug|Any CPU.Build.0 = Debug|Any CPU
		{FBDDD71F-AE07-4E29-BE3A-6EC7D9F60DAB}.Debug|x64.ActiveCfg = Debug|Any CPU
		{FBDDD71F-AE07-4E29-BE3A-6EC7D9F60DAB}.Debug|x64.Build.0 = Debug|Any CPU
		{FBDDD71F-AE07-4E29-BE3A-6EC7D9F60DAB}.Debug|x86.ActiveCfg = Debug|Any CPU
		{FBDDD71F-AE07-4E29-BE3A-6EC7D9F60DAB}.Debug|x86.Build.0 = Debug|Any CPU
		{FBDDD71F-AE07-4E29-BE3A-6EC7D9F60DAB}.PerfTest|Any CPU.ActiveCfg = Release|Any CPU
		{FBDDD71F-AE07-4E29-BE3A-6EC7D9F60DAB}.PerfTest|Any CPU.Build.0 = Release|Any CPU
		{FBDDD71F-AE07-4E29-BE3A-6EC7D9F60DAB}.PerfTest|x64.ActiveCfg = Release|Any CPU
		{FBDDD71F-AE07-4E29-BE3A-6EC7D9F60DAB}.PerfTest|x64.Build.0 = Release|Any CPU
		{FBDDD71F-AE07-4E29-BE3A-6EC7D9F60DAB}.PerfTest|x86.ActiveCfg = Release|Any CPU
		{FBDDD71F-AE07-4E29-BE3A-6EC7D9F60DAB}.PerfTest|x86.Build.0 = Release|Any CPU
		{FBDDD71F-AE07-4E29-BE3A-6EC7D9F60DAB}.Release x64|Any CPU.ActiveCfg = Release|Any CPU
		{FBDDD71F-AE07-4E29-BE3A-6EC7D9F60DAB}.Release x64|Any CPU.Build.0 = Release|Any CPU
		{FBDDD71F-AE07-4E29-BE3A-6EC7D9F60DAB}.Release x64|x64.ActiveCfg = Release|Any CPU
		{FBDDD71F-AE07-4E29-BE3A-6EC7D9F60DAB}.Release x64|x64.Build.0 = Release|Any CPU
		{FBDDD71F-AE07-4E29-BE3A-6EC7D9F60DAB}.Release x64|x86.ActiveCfg = Release|Any CPU
		{FBDDD71F-AE07-4E29-BE3A-6EC7D9F60DAB}.Release x64|x86.Build.0 = Release|Any CPU
		{FBDDD71F-AE07-4E29-BE3A-6EC7D9F60DAB}.Release|Any CPU.ActiveCfg = Release|Any CPU
		{FBDDD71F-AE07-4E29-BE3A-6EC7D9F60DAB}.Release|Any CPU.Build.0 = Release|Any CPU
		{FBDDD71F-AE07-4E29-BE3A-6EC7D9F60DAB}.Release|x64.ActiveCfg = Release|Any CPU
		{FBDDD71F-AE07-4E29-BE3A-6EC7D9F60DAB}.Release|x64.Build.0 = Release|Any CPU
		{FBDDD71F-AE07-4E29-BE3A-6EC7D9F60DAB}.Release|x86.ActiveCfg = Release|Any CPU
		{FBDDD71F-AE07-4E29-BE3A-6EC7D9F60DAB}.Release|x86.Build.0 = Release|Any CPU
		{68DE08ED-4609-49F1-8239-AF8EBF7F83D5}.Debug|Any CPU.ActiveCfg = Debug|Any CPU
		{68DE08ED-4609-49F1-8239-AF8EBF7F83D5}.Debug|Any CPU.Build.0 = Debug|Any CPU
		{68DE08ED-4609-49F1-8239-AF8EBF7F83D5}.Debug|x64.ActiveCfg = Debug|Any CPU
		{68DE08ED-4609-49F1-8239-AF8EBF7F83D5}.Debug|x64.Build.0 = Debug|Any CPU
		{68DE08ED-4609-49F1-8239-AF8EBF7F83D5}.Debug|x86.ActiveCfg = Debug|Any CPU
		{68DE08ED-4609-49F1-8239-AF8EBF7F83D5}.Debug|x86.Build.0 = Debug|Any CPU
		{68DE08ED-4609-49F1-8239-AF8EBF7F83D5}.PerfTest|Any CPU.ActiveCfg = Release|Any CPU
		{68DE08ED-4609-49F1-8239-AF8EBF7F83D5}.PerfTest|Any CPU.Build.0 = Release|Any CPU
		{68DE08ED-4609-49F1-8239-AF8EBF7F83D5}.PerfTest|x64.ActiveCfg = Release|Any CPU
		{68DE08ED-4609-49F1-8239-AF8EBF7F83D5}.PerfTest|x64.Build.0 = Release|Any CPU
		{68DE08ED-4609-49F1-8239-AF8EBF7F83D5}.PerfTest|x86.ActiveCfg = Release|Any CPU
		{68DE08ED-4609-49F1-8239-AF8EBF7F83D5}.PerfTest|x86.Build.0 = Release|Any CPU
		{68DE08ED-4609-49F1-8239-AF8EBF7F83D5}.Release x64|Any CPU.ActiveCfg = Release|Any CPU
		{68DE08ED-4609-49F1-8239-AF8EBF7F83D5}.Release x64|Any CPU.Build.0 = Release|Any CPU
		{68DE08ED-4609-49F1-8239-AF8EBF7F83D5}.Release x64|x64.ActiveCfg = Release|Any CPU
		{68DE08ED-4609-49F1-8239-AF8EBF7F83D5}.Release x64|x64.Build.0 = Release|Any CPU
		{68DE08ED-4609-49F1-8239-AF8EBF7F83D5}.Release x64|x86.ActiveCfg = Release|Any CPU
		{68DE08ED-4609-49F1-8239-AF8EBF7F83D5}.Release x64|x86.Build.0 = Release|Any CPU
		{68DE08ED-4609-49F1-8239-AF8EBF7F83D5}.Release|Any CPU.ActiveCfg = Release|Any CPU
		{68DE08ED-4609-49F1-8239-AF8EBF7F83D5}.Release|Any CPU.Build.0 = Release|Any CPU
		{68DE08ED-4609-49F1-8239-AF8EBF7F83D5}.Release|x64.ActiveCfg = Release|Any CPU
		{68DE08ED-4609-49F1-8239-AF8EBF7F83D5}.Release|x64.Build.0 = Release|Any CPU
		{68DE08ED-4609-49F1-8239-AF8EBF7F83D5}.Release|x86.ActiveCfg = Release|Any CPU
		{68DE08ED-4609-49F1-8239-AF8EBF7F83D5}.Release|x86.Build.0 = Release|Any CPU
		{00347A21-4DE3-46DB-B8D1-753EB2529171}.Debug|Any CPU.ActiveCfg = Debug|Any CPU
		{00347A21-4DE3-46DB-B8D1-753EB2529171}.Debug|Any CPU.Build.0 = Debug|Any CPU
		{00347A21-4DE3-46DB-B8D1-753EB2529171}.Debug|x64.ActiveCfg = Debug|Any CPU
		{00347A21-4DE3-46DB-B8D1-753EB2529171}.Debug|x64.Build.0 = Debug|Any CPU
		{00347A21-4DE3-46DB-B8D1-753EB2529171}.Debug|x86.ActiveCfg = Debug|Any CPU
		{00347A21-4DE3-46DB-B8D1-753EB2529171}.Debug|x86.Build.0 = Debug|Any CPU
		{00347A21-4DE3-46DB-B8D1-753EB2529171}.PerfTest|Any CPU.ActiveCfg = Release|Any CPU
		{00347A21-4DE3-46DB-B8D1-753EB2529171}.PerfTest|Any CPU.Build.0 = Release|Any CPU
		{00347A21-4DE3-46DB-B8D1-753EB2529171}.PerfTest|x64.ActiveCfg = Release|Any CPU
		{00347A21-4DE3-46DB-B8D1-753EB2529171}.PerfTest|x64.Build.0 = Release|Any CPU
		{00347A21-4DE3-46DB-B8D1-753EB2529171}.PerfTest|x86.ActiveCfg = Release|Any CPU
		{00347A21-4DE3-46DB-B8D1-753EB2529171}.PerfTest|x86.Build.0 = Release|Any CPU
		{00347A21-4DE3-46DB-B8D1-753EB2529171}.Release x64|Any CPU.ActiveCfg = Release|Any CPU
		{00347A21-4DE3-46DB-B8D1-753EB2529171}.Release x64|Any CPU.Build.0 = Release|Any CPU
		{00347A21-4DE3-46DB-B8D1-753EB2529171}.Release x64|x64.ActiveCfg = Release|Any CPU
		{00347A21-4DE3-46DB-B8D1-753EB2529171}.Release x64|x64.Build.0 = Release|Any CPU
		{00347A21-4DE3-46DB-B8D1-753EB2529171}.Release x64|x86.ActiveCfg = Release|Any CPU
		{00347A21-4DE3-46DB-B8D1-753EB2529171}.Release x64|x86.Build.0 = Release|Any CPU
		{00347A21-4DE3-46DB-B8D1-753EB2529171}.Release|Any CPU.ActiveCfg = Release|Any CPU
		{00347A21-4DE3-46DB-B8D1-753EB2529171}.Release|Any CPU.Build.0 = Release|Any CPU
		{00347A21-4DE3-46DB-B8D1-753EB2529171}.Release|x64.ActiveCfg = Release|Any CPU
		{00347A21-4DE3-46DB-B8D1-753EB2529171}.Release|x64.Build.0 = Release|Any CPU
		{00347A21-4DE3-46DB-B8D1-753EB2529171}.Release|x86.ActiveCfg = Release|Any CPU
		{00347A21-4DE3-46DB-B8D1-753EB2529171}.Release|x86.Build.0 = Release|Any CPU
		{F4A19D9E-F292-4499-B59B-2489491DF4A5}.Debug|Any CPU.ActiveCfg = Debug|Any CPU
		{F4A19D9E-F292-4499-B59B-2489491DF4A5}.Debug|Any CPU.Build.0 = Debug|Any CPU
		{F4A19D9E-F292-4499-B59B-2489491DF4A5}.Debug|x64.ActiveCfg = Debug|Any CPU
		{F4A19D9E-F292-4499-B59B-2489491DF4A5}.Debug|x64.Build.0 = Debug|Any CPU
		{F4A19D9E-F292-4499-B59B-2489491DF4A5}.Debug|x86.ActiveCfg = Debug|Any CPU
		{F4A19D9E-F292-4499-B59B-2489491DF4A5}.Debug|x86.Build.0 = Debug|Any CPU
		{F4A19D9E-F292-4499-B59B-2489491DF4A5}.PerfTest|Any CPU.ActiveCfg = Release|Any CPU
		{F4A19D9E-F292-4499-B59B-2489491DF4A5}.PerfTest|Any CPU.Build.0 = Release|Any CPU
		{F4A19D9E-F292-4499-B59B-2489491DF4A5}.PerfTest|x64.ActiveCfg = Release|Any CPU
		{F4A19D9E-F292-4499-B59B-2489491DF4A5}.PerfTest|x64.Build.0 = Release|Any CPU
		{F4A19D9E-F292-4499-B59B-2489491DF4A5}.PerfTest|x86.ActiveCfg = Release|Any CPU
		{F4A19D9E-F292-4499-B59B-2489491DF4A5}.PerfTest|x86.Build.0 = Release|Any CPU
		{F4A19D9E-F292-4499-B59B-2489491DF4A5}.Release x64|Any CPU.ActiveCfg = Release|Any CPU
		{F4A19D9E-F292-4499-B59B-2489491DF4A5}.Release x64|Any CPU.Build.0 = Release|Any CPU
		{F4A19D9E-F292-4499-B59B-2489491DF4A5}.Release x64|x64.ActiveCfg = Release|Any CPU
		{F4A19D9E-F292-4499-B59B-2489491DF4A5}.Release x64|x64.Build.0 = Release|Any CPU
		{F4A19D9E-F292-4499-B59B-2489491DF4A5}.Release x64|x86.ActiveCfg = Release|Any CPU
		{F4A19D9E-F292-4499-B59B-2489491DF4A5}.Release x64|x86.Build.0 = Release|Any CPU
		{F4A19D9E-F292-4499-B59B-2489491DF4A5}.Release|Any CPU.ActiveCfg = Release|Any CPU
		{F4A19D9E-F292-4499-B59B-2489491DF4A5}.Release|Any CPU.Build.0 = Release|Any CPU
		{F4A19D9E-F292-4499-B59B-2489491DF4A5}.Release|x64.ActiveCfg = Release|Any CPU
		{F4A19D9E-F292-4499-B59B-2489491DF4A5}.Release|x64.Build.0 = Release|Any CPU
		{F4A19D9E-F292-4499-B59B-2489491DF4A5}.Release|x86.ActiveCfg = Release|Any CPU
		{F4A19D9E-F292-4499-B59B-2489491DF4A5}.Release|x86.Build.0 = Release|Any CPU
		{3BD512CB-BF6D-4FE7-89EA-449A9837E0C4}.Debug|Any CPU.ActiveCfg = Debug|Any CPU
		{3BD512CB-BF6D-4FE7-89EA-449A9837E0C4}.Debug|Any CPU.Build.0 = Debug|Any CPU
		{3BD512CB-BF6D-4FE7-89EA-449A9837E0C4}.Debug|x64.ActiveCfg = Debug|Any CPU
		{3BD512CB-BF6D-4FE7-89EA-449A9837E0C4}.Debug|x64.Build.0 = Debug|Any CPU
		{3BD512CB-BF6D-4FE7-89EA-449A9837E0C4}.Debug|x86.ActiveCfg = Debug|Any CPU
		{3BD512CB-BF6D-4FE7-89EA-449A9837E0C4}.Debug|x86.Build.0 = Debug|Any CPU
		{3BD512CB-BF6D-4FE7-89EA-449A9837E0C4}.PerfTest|Any CPU.ActiveCfg = PerfTest|Any CPU
		{3BD512CB-BF6D-4FE7-89EA-449A9837E0C4}.PerfTest|Any CPU.Build.0 = PerfTest|Any CPU
		{3BD512CB-BF6D-4FE7-89EA-449A9837E0C4}.PerfTest|x64.ActiveCfg = PerfTest|Any CPU
		{3BD512CB-BF6D-4FE7-89EA-449A9837E0C4}.PerfTest|x64.Build.0 = PerfTest|Any CPU
		{3BD512CB-BF6D-4FE7-89EA-449A9837E0C4}.PerfTest|x86.ActiveCfg = PerfTest|Any CPU
		{3BD512CB-BF6D-4FE7-89EA-449A9837E0C4}.PerfTest|x86.Build.0 = PerfTest|Any CPU
		{3BD512CB-BF6D-4FE7-89EA-449A9837E0C4}.Release x64|Any CPU.ActiveCfg = Release|Any CPU
		{3BD512CB-BF6D-4FE7-89EA-449A9837E0C4}.Release x64|Any CPU.Build.0 = Release|Any CPU
		{3BD512CB-BF6D-4FE7-89EA-449A9837E0C4}.Release x64|x64.ActiveCfg = Release|Any CPU
		{3BD512CB-BF6D-4FE7-89EA-449A9837E0C4}.Release x64|x64.Build.0 = Release|Any CPU
		{3BD512CB-BF6D-4FE7-89EA-449A9837E0C4}.Release x64|x86.ActiveCfg = Release|Any CPU
		{3BD512CB-BF6D-4FE7-89EA-449A9837E0C4}.Release x64|x86.Build.0 = Release|Any CPU
		{3BD512CB-BF6D-4FE7-89EA-449A9837E0C4}.Release|Any CPU.ActiveCfg = Release|Any CPU
		{3BD512CB-BF6D-4FE7-89EA-449A9837E0C4}.Release|Any CPU.Build.0 = Release|Any CPU
		{3BD512CB-BF6D-4FE7-89EA-449A9837E0C4}.Release|x64.ActiveCfg = Release|Any CPU
		{3BD512CB-BF6D-4FE7-89EA-449A9837E0C4}.Release|x64.Build.0 = Release|Any CPU
		{3BD512CB-BF6D-4FE7-89EA-449A9837E0C4}.Release|x86.ActiveCfg = Release|Any CPU
		{3BD512CB-BF6D-4FE7-89EA-449A9837E0C4}.Release|x86.Build.0 = Release|Any CPU
		{73CE2D54-B2FC-4FF5-B5DA-64ABDFFFDA21}.Debug|Any CPU.ActiveCfg = Debug|Any CPU
		{73CE2D54-B2FC-4FF5-B5DA-64ABDFFFDA21}.Debug|Any CPU.Build.0 = Debug|Any CPU
		{73CE2D54-B2FC-4FF5-B5DA-64ABDFFFDA21}.Debug|x64.ActiveCfg = Debug|Any CPU
		{73CE2D54-B2FC-4FF5-B5DA-64ABDFFFDA21}.Debug|x64.Build.0 = Debug|Any CPU
		{73CE2D54-B2FC-4FF5-B5DA-64ABDFFFDA21}.Debug|x86.ActiveCfg = Debug|Any CPU
		{73CE2D54-B2FC-4FF5-B5DA-64ABDFFFDA21}.Debug|x86.Build.0 = Debug|Any CPU
		{73CE2D54-B2FC-4FF5-B5DA-64ABDFFFDA21}.PerfTest|Any CPU.ActiveCfg = PerfTest|Any CPU
		{73CE2D54-B2FC-4FF5-B5DA-64ABDFFFDA21}.PerfTest|Any CPU.Build.0 = PerfTest|Any CPU
		{73CE2D54-B2FC-4FF5-B5DA-64ABDFFFDA21}.PerfTest|x64.ActiveCfg = PerfTest|Any CPU
		{73CE2D54-B2FC-4FF5-B5DA-64ABDFFFDA21}.PerfTest|x64.Build.0 = PerfTest|Any CPU
		{73CE2D54-B2FC-4FF5-B5DA-64ABDFFFDA21}.PerfTest|x86.ActiveCfg = PerfTest|Any CPU
		{73CE2D54-B2FC-4FF5-B5DA-64ABDFFFDA21}.PerfTest|x86.Build.0 = PerfTest|Any CPU
		{73CE2D54-B2FC-4FF5-B5DA-64ABDFFFDA21}.Release x64|Any CPU.ActiveCfg = Release|Any CPU
		{73CE2D54-B2FC-4FF5-B5DA-64ABDFFFDA21}.Release x64|Any CPU.Build.0 = Release|Any CPU
		{73CE2D54-B2FC-4FF5-B5DA-64ABDFFFDA21}.Release x64|x64.ActiveCfg = Release|Any CPU
		{73CE2D54-B2FC-4FF5-B5DA-64ABDFFFDA21}.Release x64|x64.Build.0 = Release|Any CPU
		{73CE2D54-B2FC-4FF5-B5DA-64ABDFFFDA21}.Release x64|x86.ActiveCfg = Release|Any CPU
		{73CE2D54-B2FC-4FF5-B5DA-64ABDFFFDA21}.Release x64|x86.Build.0 = Release|Any CPU
		{73CE2D54-B2FC-4FF5-B5DA-64ABDFFFDA21}.Release|Any CPU.ActiveCfg = Release|Any CPU
		{73CE2D54-B2FC-4FF5-B5DA-64ABDFFFDA21}.Release|Any CPU.Build.0 = Release|Any CPU
		{73CE2D54-B2FC-4FF5-B5DA-64ABDFFFDA21}.Release|x64.ActiveCfg = Release|Any CPU
		{73CE2D54-B2FC-4FF5-B5DA-64ABDFFFDA21}.Release|x64.Build.0 = Release|Any CPU
		{73CE2D54-B2FC-4FF5-B5DA-64ABDFFFDA21}.Release|x86.ActiveCfg = Release|Any CPU
		{73CE2D54-B2FC-4FF5-B5DA-64ABDFFFDA21}.Release|x86.Build.0 = Release|Any CPU
		{6BBF67B3-3047-4C60-827A-EA3E883A58C3}.Debug|Any CPU.ActiveCfg = Debug|Any CPU
		{6BBF67B3-3047-4C60-827A-EA3E883A58C3}.Debug|Any CPU.Build.0 = Debug|Any CPU
		{6BBF67B3-3047-4C60-827A-EA3E883A58C3}.Debug|x64.ActiveCfg = Debug|Any CPU
		{6BBF67B3-3047-4C60-827A-EA3E883A58C3}.Debug|x64.Build.0 = Debug|Any CPU
		{6BBF67B3-3047-4C60-827A-EA3E883A58C3}.Debug|x86.ActiveCfg = Debug|Any CPU
		{6BBF67B3-3047-4C60-827A-EA3E883A58C3}.Debug|x86.Build.0 = Debug|Any CPU
		{6BBF67B3-3047-4C60-827A-EA3E883A58C3}.PerfTest|Any CPU.ActiveCfg = Debug|Any CPU
		{6BBF67B3-3047-4C60-827A-EA3E883A58C3}.PerfTest|Any CPU.Build.0 = Debug|Any CPU
		{6BBF67B3-3047-4C60-827A-EA3E883A58C3}.PerfTest|x64.ActiveCfg = Release|Any CPU
		{6BBF67B3-3047-4C60-827A-EA3E883A58C3}.PerfTest|x64.Build.0 = Release|Any CPU
		{6BBF67B3-3047-4C60-827A-EA3E883A58C3}.PerfTest|x86.ActiveCfg = Release|Any CPU
		{6BBF67B3-3047-4C60-827A-EA3E883A58C3}.PerfTest|x86.Build.0 = Release|Any CPU
		{6BBF67B3-3047-4C60-827A-EA3E883A58C3}.Release x64|Any CPU.ActiveCfg = Release|Any CPU
		{6BBF67B3-3047-4C60-827A-EA3E883A58C3}.Release x64|Any CPU.Build.0 = Release|Any CPU
		{6BBF67B3-3047-4C60-827A-EA3E883A58C3}.Release x64|x64.ActiveCfg = Release|Any CPU
		{6BBF67B3-3047-4C60-827A-EA3E883A58C3}.Release x64|x64.Build.0 = Release|Any CPU
		{6BBF67B3-3047-4C60-827A-EA3E883A58C3}.Release x64|x86.ActiveCfg = Release|Any CPU
		{6BBF67B3-3047-4C60-827A-EA3E883A58C3}.Release x64|x86.Build.0 = Release|Any CPU
		{6BBF67B3-3047-4C60-827A-EA3E883A58C3}.Release|Any CPU.ActiveCfg = Release|Any CPU
		{6BBF67B3-3047-4C60-827A-EA3E883A58C3}.Release|Any CPU.Build.0 = Release|Any CPU
		{6BBF67B3-3047-4C60-827A-EA3E883A58C3}.Release|x64.ActiveCfg = Release|Any CPU
		{6BBF67B3-3047-4C60-827A-EA3E883A58C3}.Release|x64.Build.0 = Release|Any CPU
		{6BBF67B3-3047-4C60-827A-EA3E883A58C3}.Release|x86.ActiveCfg = Release|Any CPU
		{6BBF67B3-3047-4C60-827A-EA3E883A58C3}.Release|x86.Build.0 = Release|Any CPU
		{A5057906-DD98-44CF-A249-9A2AFDD72158}.Debug|Any CPU.ActiveCfg = Debug|Any CPU
		{A5057906-DD98-44CF-A249-9A2AFDD72158}.Debug|Any CPU.Build.0 = Debug|Any CPU
		{A5057906-DD98-44CF-A249-9A2AFDD72158}.Debug|x64.ActiveCfg = Debug|Any CPU
		{A5057906-DD98-44CF-A249-9A2AFDD72158}.Debug|x64.Build.0 = Debug|Any CPU
		{A5057906-DD98-44CF-A249-9A2AFDD72158}.Debug|x86.ActiveCfg = Debug|Any CPU
		{A5057906-DD98-44CF-A249-9A2AFDD72158}.Debug|x86.Build.0 = Debug|Any CPU
		{A5057906-DD98-44CF-A249-9A2AFDD72158}.PerfTest|Any CPU.ActiveCfg = PerfTest|Any CPU
		{A5057906-DD98-44CF-A249-9A2AFDD72158}.PerfTest|Any CPU.Build.0 = PerfTest|Any CPU
		{A5057906-DD98-44CF-A249-9A2AFDD72158}.PerfTest|x64.ActiveCfg = PerfTest|Any CPU
		{A5057906-DD98-44CF-A249-9A2AFDD72158}.PerfTest|x64.Build.0 = PerfTest|Any CPU
		{A5057906-DD98-44CF-A249-9A2AFDD72158}.PerfTest|x86.ActiveCfg = PerfTest|Any CPU
		{A5057906-DD98-44CF-A249-9A2AFDD72158}.PerfTest|x86.Build.0 = PerfTest|Any CPU
		{A5057906-DD98-44CF-A249-9A2AFDD72158}.Release x64|Any CPU.ActiveCfg = Release|Any CPU
		{A5057906-DD98-44CF-A249-9A2AFDD72158}.Release x64|Any CPU.Build.0 = Release|Any CPU
		{A5057906-DD98-44CF-A249-9A2AFDD72158}.Release x64|x64.ActiveCfg = Release|Any CPU
		{A5057906-DD98-44CF-A249-9A2AFDD72158}.Release x64|x64.Build.0 = Release|Any CPU
		{A5057906-DD98-44CF-A249-9A2AFDD72158}.Release x64|x86.ActiveCfg = Release|Any CPU
		{A5057906-DD98-44CF-A249-9A2AFDD72158}.Release x64|x86.Build.0 = Release|Any CPU
		{A5057906-DD98-44CF-A249-9A2AFDD72158}.Release|Any CPU.ActiveCfg = Release|Any CPU
		{A5057906-DD98-44CF-A249-9A2AFDD72158}.Release|Any CPU.Build.0 = Release|Any CPU
		{A5057906-DD98-44CF-A249-9A2AFDD72158}.Release|x64.ActiveCfg = Release|Any CPU
		{A5057906-DD98-44CF-A249-9A2AFDD72158}.Release|x64.Build.0 = Release|Any CPU
		{A5057906-DD98-44CF-A249-9A2AFDD72158}.Release|x86.ActiveCfg = Release|Any CPU
		{A5057906-DD98-44CF-A249-9A2AFDD72158}.Release|x86.Build.0 = Release|Any CPU
		{2A85B0F9-D714-41E0-BF00-29A0A687F427}.Debug|Any CPU.ActiveCfg = Debug|Any CPU
		{2A85B0F9-D714-41E0-BF00-29A0A687F427}.Debug|Any CPU.Build.0 = Debug|Any CPU
		{2A85B0F9-D714-41E0-BF00-29A0A687F427}.Debug|x64.ActiveCfg = Debug|Any CPU
		{2A85B0F9-D714-41E0-BF00-29A0A687F427}.Debug|x64.Build.0 = Debug|Any CPU
		{2A85B0F9-D714-41E0-BF00-29A0A687F427}.Debug|x86.ActiveCfg = Debug|Any CPU
		{2A85B0F9-D714-41E0-BF00-29A0A687F427}.Debug|x86.Build.0 = Debug|Any CPU
		{2A85B0F9-D714-41E0-BF00-29A0A687F427}.PerfTest|Any CPU.ActiveCfg = PerfTest|Any CPU
		{2A85B0F9-D714-41E0-BF00-29A0A687F427}.PerfTest|Any CPU.Build.0 = PerfTest|Any CPU
		{2A85B0F9-D714-41E0-BF00-29A0A687F427}.PerfTest|x64.ActiveCfg = PerfTest|Any CPU
		{2A85B0F9-D714-41E0-BF00-29A0A687F427}.PerfTest|x64.Build.0 = PerfTest|Any CPU
		{2A85B0F9-D714-41E0-BF00-29A0A687F427}.PerfTest|x86.ActiveCfg = PerfTest|Any CPU
		{2A85B0F9-D714-41E0-BF00-29A0A687F427}.PerfTest|x86.Build.0 = PerfTest|Any CPU
		{2A85B0F9-D714-41E0-BF00-29A0A687F427}.Release x64|Any CPU.ActiveCfg = Release|Any CPU
		{2A85B0F9-D714-41E0-BF00-29A0A687F427}.Release x64|Any CPU.Build.0 = Release|Any CPU
		{2A85B0F9-D714-41E0-BF00-29A0A687F427}.Release x64|x64.ActiveCfg = Release|Any CPU
		{2A85B0F9-D714-41E0-BF00-29A0A687F427}.Release x64|x64.Build.0 = Release|Any CPU
		{2A85B0F9-D714-41E0-BF00-29A0A687F427}.Release x64|x86.ActiveCfg = Release|Any CPU
		{2A85B0F9-D714-41E0-BF00-29A0A687F427}.Release x64|x86.Build.0 = Release|Any CPU
		{2A85B0F9-D714-41E0-BF00-29A0A687F427}.Release|Any CPU.ActiveCfg = Release|Any CPU
		{2A85B0F9-D714-41E0-BF00-29A0A687F427}.Release|Any CPU.Build.0 = Release|Any CPU
		{2A85B0F9-D714-41E0-BF00-29A0A687F427}.Release|x64.ActiveCfg = Release|Any CPU
		{2A85B0F9-D714-41E0-BF00-29A0A687F427}.Release|x64.Build.0 = Release|Any CPU
		{2A85B0F9-D714-41E0-BF00-29A0A687F427}.Release|x86.ActiveCfg = Release|Any CPU
		{2A85B0F9-D714-41E0-BF00-29A0A687F427}.Release|x86.Build.0 = Release|Any CPU
		{4F48560B-84CA-415A-B04D-6DC4CC105A6B}.Debug|Any CPU.ActiveCfg = Debug|Any CPU
		{4F48560B-84CA-415A-B04D-6DC4CC105A6B}.Debug|Any CPU.Build.0 = Debug|Any CPU
		{4F48560B-84CA-415A-B04D-6DC4CC105A6B}.Debug|x64.ActiveCfg = Debug|Any CPU
		{4F48560B-84CA-415A-B04D-6DC4CC105A6B}.Debug|x64.Build.0 = Debug|Any CPU
		{4F48560B-84CA-415A-B04D-6DC4CC105A6B}.Debug|x86.ActiveCfg = Debug|Any CPU
		{4F48560B-84CA-415A-B04D-6DC4CC105A6B}.Debug|x86.Build.0 = Debug|Any CPU
		{4F48560B-84CA-415A-B04D-6DC4CC105A6B}.PerfTest|Any CPU.ActiveCfg = Debug|Any CPU
		{4F48560B-84CA-415A-B04D-6DC4CC105A6B}.PerfTest|Any CPU.Build.0 = Debug|Any CPU
		{4F48560B-84CA-415A-B04D-6DC4CC105A6B}.PerfTest|x64.ActiveCfg = Debug|Any CPU
		{4F48560B-84CA-415A-B04D-6DC4CC105A6B}.PerfTest|x64.Build.0 = Debug|Any CPU
		{4F48560B-84CA-415A-B04D-6DC4CC105A6B}.PerfTest|x86.ActiveCfg = Debug|Any CPU
		{4F48560B-84CA-415A-B04D-6DC4CC105A6B}.PerfTest|x86.Build.0 = Debug|Any CPU
		{4F48560B-84CA-415A-B04D-6DC4CC105A6B}.Release x64|Any CPU.ActiveCfg = Release|Any CPU
		{4F48560B-84CA-415A-B04D-6DC4CC105A6B}.Release x64|Any CPU.Build.0 = Release|Any CPU
		{4F48560B-84CA-415A-B04D-6DC4CC105A6B}.Release x64|x64.ActiveCfg = Release|Any CPU
		{4F48560B-84CA-415A-B04D-6DC4CC105A6B}.Release x64|x64.Build.0 = Release|Any CPU
		{4F48560B-84CA-415A-B04D-6DC4CC105A6B}.Release x64|x86.ActiveCfg = Release|Any CPU
		{4F48560B-84CA-415A-B04D-6DC4CC105A6B}.Release x64|x86.Build.0 = Release|Any CPU
		{4F48560B-84CA-415A-B04D-6DC4CC105A6B}.Release|Any CPU.ActiveCfg = Release|Any CPU
		{4F48560B-84CA-415A-B04D-6DC4CC105A6B}.Release|Any CPU.Build.0 = Release|Any CPU
		{4F48560B-84CA-415A-B04D-6DC4CC105A6B}.Release|x64.ActiveCfg = Release|Any CPU
		{4F48560B-84CA-415A-B04D-6DC4CC105A6B}.Release|x64.Build.0 = Release|Any CPU
		{4F48560B-84CA-415A-B04D-6DC4CC105A6B}.Release|x86.ActiveCfg = Release|Any CPU
		{4F48560B-84CA-415A-B04D-6DC4CC105A6B}.Release|x86.Build.0 = Release|Any CPU
		{1D698CC2-A300-44A7-A0C7-8DCD36D135ED}.Debug|Any CPU.ActiveCfg = Debug|Any CPU
		{1D698CC2-A300-44A7-A0C7-8DCD36D135ED}.Debug|Any CPU.Build.0 = Debug|Any CPU
		{1D698CC2-A300-44A7-A0C7-8DCD36D135ED}.Debug|x64.ActiveCfg = Debug|Any CPU
		{1D698CC2-A300-44A7-A0C7-8DCD36D135ED}.Debug|x64.Build.0 = Debug|Any CPU
		{1D698CC2-A300-44A7-A0C7-8DCD36D135ED}.Debug|x86.ActiveCfg = Debug|Any CPU
		{1D698CC2-A300-44A7-A0C7-8DCD36D135ED}.Debug|x86.Build.0 = Debug|Any CPU
		{1D698CC2-A300-44A7-A0C7-8DCD36D135ED}.PerfTest|Any CPU.ActiveCfg = Debug|Any CPU
		{1D698CC2-A300-44A7-A0C7-8DCD36D135ED}.PerfTest|Any CPU.Build.0 = Debug|Any CPU
		{1D698CC2-A300-44A7-A0C7-8DCD36D135ED}.PerfTest|x64.ActiveCfg = Debug|Any CPU
		{1D698CC2-A300-44A7-A0C7-8DCD36D135ED}.PerfTest|x64.Build.0 = Debug|Any CPU
		{1D698CC2-A300-44A7-A0C7-8DCD36D135ED}.PerfTest|x86.ActiveCfg = Debug|Any CPU
		{1D698CC2-A300-44A7-A0C7-8DCD36D135ED}.PerfTest|x86.Build.0 = Debug|Any CPU
		{1D698CC2-A300-44A7-A0C7-8DCD36D135ED}.Release x64|Any CPU.ActiveCfg = Release|Any CPU
		{1D698CC2-A300-44A7-A0C7-8DCD36D135ED}.Release x64|Any CPU.Build.0 = Release|Any CPU
		{1D698CC2-A300-44A7-A0C7-8DCD36D135ED}.Release x64|x64.ActiveCfg = Release|Any CPU
		{1D698CC2-A300-44A7-A0C7-8DCD36D135ED}.Release x64|x64.Build.0 = Release|Any CPU
		{1D698CC2-A300-44A7-A0C7-8DCD36D135ED}.Release x64|x86.ActiveCfg = Release|Any CPU
		{1D698CC2-A300-44A7-A0C7-8DCD36D135ED}.Release x64|x86.Build.0 = Release|Any CPU
		{1D698CC2-A300-44A7-A0C7-8DCD36D135ED}.Release|Any CPU.ActiveCfg = Release|Any CPU
		{1D698CC2-A300-44A7-A0C7-8DCD36D135ED}.Release|Any CPU.Build.0 = Release|Any CPU
		{1D698CC2-A300-44A7-A0C7-8DCD36D135ED}.Release|x64.ActiveCfg = Release|Any CPU
		{1D698CC2-A300-44A7-A0C7-8DCD36D135ED}.Release|x64.Build.0 = Release|Any CPU
		{1D698CC2-A300-44A7-A0C7-8DCD36D135ED}.Release|x86.ActiveCfg = Release|Any CPU
		{1D698CC2-A300-44A7-A0C7-8DCD36D135ED}.Release|x86.Build.0 = Release|Any CPU
		{9D0A2E34-DC1B-47A5-BC48-F254294F4A9D}.Debug|Any CPU.ActiveCfg = Debug|Any CPU
		{9D0A2E34-DC1B-47A5-BC48-F254294F4A9D}.Debug|Any CPU.Build.0 = Debug|Any CPU
		{9D0A2E34-DC1B-47A5-BC48-F254294F4A9D}.Debug|x64.ActiveCfg = Debug|Any CPU
		{9D0A2E34-DC1B-47A5-BC48-F254294F4A9D}.Debug|x64.Build.0 = Debug|Any CPU
		{9D0A2E34-DC1B-47A5-BC48-F254294F4A9D}.Debug|x86.ActiveCfg = Debug|Any CPU
		{9D0A2E34-DC1B-47A5-BC48-F254294F4A9D}.Debug|x86.Build.0 = Debug|Any CPU
		{9D0A2E34-DC1B-47A5-BC48-F254294F4A9D}.PerfTest|Any CPU.ActiveCfg = Debug|Any CPU
		{9D0A2E34-DC1B-47A5-BC48-F254294F4A9D}.PerfTest|Any CPU.Build.0 = Debug|Any CPU
		{9D0A2E34-DC1B-47A5-BC48-F254294F4A9D}.PerfTest|x64.ActiveCfg = Debug|Any CPU
		{9D0A2E34-DC1B-47A5-BC48-F254294F4A9D}.PerfTest|x64.Build.0 = Debug|Any CPU
		{9D0A2E34-DC1B-47A5-BC48-F254294F4A9D}.PerfTest|x86.ActiveCfg = Debug|Any CPU
		{9D0A2E34-DC1B-47A5-BC48-F254294F4A9D}.PerfTest|x86.Build.0 = Debug|Any CPU
		{9D0A2E34-DC1B-47A5-BC48-F254294F4A9D}.Release x64|Any CPU.ActiveCfg = Release|Any CPU
		{9D0A2E34-DC1B-47A5-BC48-F254294F4A9D}.Release x64|Any CPU.Build.0 = Release|Any CPU
		{9D0A2E34-DC1B-47A5-BC48-F254294F4A9D}.Release x64|x64.ActiveCfg = Release|Any CPU
		{9D0A2E34-DC1B-47A5-BC48-F254294F4A9D}.Release x64|x64.Build.0 = Release|Any CPU
		{9D0A2E34-DC1B-47A5-BC48-F254294F4A9D}.Release x64|x86.ActiveCfg = Release|Any CPU
		{9D0A2E34-DC1B-47A5-BC48-F254294F4A9D}.Release x64|x86.Build.0 = Release|Any CPU
		{9D0A2E34-DC1B-47A5-BC48-F254294F4A9D}.Release|Any CPU.ActiveCfg = Release|Any CPU
		{9D0A2E34-DC1B-47A5-BC48-F254294F4A9D}.Release|Any CPU.Build.0 = Release|Any CPU
		{9D0A2E34-DC1B-47A5-BC48-F254294F4A9D}.Release|x64.ActiveCfg = Release|Any CPU
		{9D0A2E34-DC1B-47A5-BC48-F254294F4A9D}.Release|x64.Build.0 = Release|Any CPU
		{9D0A2E34-DC1B-47A5-BC48-F254294F4A9D}.Release|x86.ActiveCfg = Release|Any CPU
		{9D0A2E34-DC1B-47A5-BC48-F254294F4A9D}.Release|x86.Build.0 = Release|Any CPU
		{18CBD535-17E7-46AB-9FF1-68508D7223D5}.Debug|Any CPU.ActiveCfg = Debug|Any CPU
		{18CBD535-17E7-46AB-9FF1-68508D7223D5}.Debug|Any CPU.Build.0 = Debug|Any CPU
		{18CBD535-17E7-46AB-9FF1-68508D7223D5}.Debug|x64.ActiveCfg = Debug|Any CPU
		{18CBD535-17E7-46AB-9FF1-68508D7223D5}.Debug|x64.Build.0 = Debug|Any CPU
		{18CBD535-17E7-46AB-9FF1-68508D7223D5}.Debug|x86.ActiveCfg = Debug|Any CPU
		{18CBD535-17E7-46AB-9FF1-68508D7223D5}.Debug|x86.Build.0 = Debug|Any CPU
		{18CBD535-17E7-46AB-9FF1-68508D7223D5}.PerfTest|Any CPU.ActiveCfg = Debug|Any CPU
		{18CBD535-17E7-46AB-9FF1-68508D7223D5}.PerfTest|Any CPU.Build.0 = Debug|Any CPU
		{18CBD535-17E7-46AB-9FF1-68508D7223D5}.PerfTest|x64.ActiveCfg = Debug|Any CPU
		{18CBD535-17E7-46AB-9FF1-68508D7223D5}.PerfTest|x64.Build.0 = Debug|Any CPU
		{18CBD535-17E7-46AB-9FF1-68508D7223D5}.PerfTest|x86.ActiveCfg = Debug|Any CPU
		{18CBD535-17E7-46AB-9FF1-68508D7223D5}.PerfTest|x86.Build.0 = Debug|Any CPU
		{18CBD535-17E7-46AB-9FF1-68508D7223D5}.Release x64|Any CPU.ActiveCfg = Release|Any CPU
		{18CBD535-17E7-46AB-9FF1-68508D7223D5}.Release x64|Any CPU.Build.0 = Release|Any CPU
		{18CBD535-17E7-46AB-9FF1-68508D7223D5}.Release x64|x64.ActiveCfg = Release|Any CPU
		{18CBD535-17E7-46AB-9FF1-68508D7223D5}.Release x64|x64.Build.0 = Release|Any CPU
		{18CBD535-17E7-46AB-9FF1-68508D7223D5}.Release x64|x86.ActiveCfg = Release|Any CPU
		{18CBD535-17E7-46AB-9FF1-68508D7223D5}.Release x64|x86.Build.0 = Release|Any CPU
		{18CBD535-17E7-46AB-9FF1-68508D7223D5}.Release|Any CPU.ActiveCfg = Release|Any CPU
		{18CBD535-17E7-46AB-9FF1-68508D7223D5}.Release|Any CPU.Build.0 = Release|Any CPU
		{18CBD535-17E7-46AB-9FF1-68508D7223D5}.Release|x64.ActiveCfg = Release|Any CPU
		{18CBD535-17E7-46AB-9FF1-68508D7223D5}.Release|x64.Build.0 = Release|Any CPU
		{18CBD535-17E7-46AB-9FF1-68508D7223D5}.Release|x86.ActiveCfg = Release|Any CPU
		{18CBD535-17E7-46AB-9FF1-68508D7223D5}.Release|x86.Build.0 = Release|Any CPU
	EndGlobalSection
	GlobalSection(SolutionProperties) = preSolution
		HideSolutionNode = FALSE
	EndGlobalSection
	GlobalSection(ExtensibilityGlobals) = postSolution
		SolutionGuid = {26630D08-373A-4935-AEEC-2864013A5F5B}
	EndGlobalSection
EndGlobal
